// !$*UTF8*$!
{
	archiveVersion = 1;
	classes = {
	};
	objectVersion = 51;
	objects = {

/* Begin PBXBuildFile section */
		55191F4A2310D22D007D1454 /* Alamofire.framework in Frameworks */ = {isa = PBXBuildFile; fileRef = 55191F492310D22D007D1454 /* Alamofire.framework */; };
		55191F4C2310D244007D1454 /* IQKeyboardManagerSwift.framework in Frameworks */ = {isa = PBXBuildFile; fileRef = 55191F4B2310D244007D1454 /* IQKeyboardManagerSwift.framework */; };
		55191F4E2310D24C007D1454 /* Kingfisher.framework in Frameworks */ = {isa = PBXBuildFile; fileRef = 55191F4D2310D24C007D1454 /* Kingfisher.framework */; };
		55191F522310D25A007D1454 /* RxCocoa.framework in Frameworks */ = {isa = PBXBuildFile; fileRef = 55191F512310D25A007D1454 /* RxCocoa.framework */; };
		55191F542310D25F007D1454 /* RxRelay.framework in Frameworks */ = {isa = PBXBuildFile; fileRef = 55191F532310D25F007D1454 /* RxRelay.framework */; };
		55191F562310D264007D1454 /* RxSwift.framework in Frameworks */ = {isa = PBXBuildFile; fileRef = 55191F552310D264007D1454 /* RxSwift.framework */; };
		55191F5A2310D477007D1454 /* SwipeCellKit.framework in Frameworks */ = {isa = PBXBuildFile; fileRef = 55191F592310D477007D1454 /* SwipeCellKit.framework */; };
		55191F632310E047007D1454 /* Coordinator.swift in Sources */ = {isa = PBXBuildFile; fileRef = 55191F622310E047007D1454 /* Coordinator.swift */; };
		55342F622310B6BB00FA141B /* AppDelegate.swift in Sources */ = {isa = PBXBuildFile; fileRef = 55342F612310B6BB00FA141B /* AppDelegate.swift */; };
		55342F692310B6BC00FA141B /* Assets.xcassets in Resources */ = {isa = PBXBuildFile; fileRef = 55342F682310B6BC00FA141B /* Assets.xcassets */; };
		55342F6C2310B6BC00FA141B /* LaunchScreen.storyboard in Resources */ = {isa = PBXBuildFile; fileRef = 55342F6A2310B6BC00FA141B /* LaunchScreen.storyboard */; };
		55342F772310B6BC00FA141B /* iOmicTests.swift in Sources */ = {isa = PBXBuildFile; fileRef = 55342F762310B6BC00FA141B /* iOmicTests.swift */; };
		55342F822310B6BC00FA141B /* iOmicUITests.swift in Sources */ = {isa = PBXBuildFile; fileRef = 55342F812310B6BC00FA141B /* iOmicUITests.swift */; };
		553634422329187B00715628 /* MMKV.framework in Frameworks */ = {isa = PBXBuildFile; fileRef = 553634412329187B00715628 /* MMKV.framework */; };
		55363444232918CD00715628 /* KeyValues.swift in Sources */ = {isa = PBXBuildFile; fileRef = 55363443232918CD00715628 /* KeyValues.swift */; };
		555C1CCE2319582900E388D6 /* ReusableIdentifier.swift in Sources */ = {isa = PBXBuildFile; fileRef = 555C1CCD2319582900E388D6 /* ReusableIdentifier.swift */; };
		555C1CD1231A034200E388D6 /* Differentiator.framework in Frameworks */ = {isa = PBXBuildFile; fileRef = 555C1CD0231A034200E388D6 /* Differentiator.framework */; };
		555C1CD3231A035C00E388D6 /* RxDataSources.framework in Frameworks */ = {isa = PBXBuildFile; fileRef = 555C1CD2231A035C00E388D6 /* RxDataSources.framework */; };
		5584B0E42310E6A7000D9309 /* AppCoordinator.swift in Sources */ = {isa = PBXBuildFile; fileRef = 5584B0E32310E6A7000D9309 /* AppCoordinator.swift */; };
		5584B0EB2310EC4F000D9309 /* BooksViewController.swift in Sources */ = {isa = PBXBuildFile; fileRef = 5584B0E92310EC4F000D9309 /* BooksViewController.swift */; };
		5584B0EF2310EE29000D9309 /* DiscoveryViewController.swift in Sources */ = {isa = PBXBuildFile; fileRef = 5584B0ED2310EE29000D9309 /* DiscoveryViewController.swift */; };
		5584B0F32310EE5E000D9309 /* UpDownLoadViewController.swift in Sources */ = {isa = PBXBuildFile; fileRef = 5584B0F12310EE5E000D9309 /* UpDownLoadViewController.swift */; };
		5584B0F72310EE85000D9309 /* SettingViewController.swift in Sources */ = {isa = PBXBuildFile; fileRef = 5584B0F52310EE85000D9309 /* SettingViewController.swift */; };
		5584B0FE2311089F000D9309 /* BooksCoordinator.swift in Sources */ = {isa = PBXBuildFile; fileRef = 5584B0FD2311089F000D9309 /* BooksCoordinator.swift */; };
		5584B10C23114E01000D9309 /* BooksViewModel.swift in Sources */ = {isa = PBXBuildFile; fileRef = 5584B10B23114E01000D9309 /* BooksViewModel.swift */; };
		5584B11D2311533D000D9309 /* SettingViewModel.swift in Sources */ = {isa = PBXBuildFile; fileRef = 5584B11C2311533D000D9309 /* SettingViewModel.swift */; };
		5584B11F23115349000D9309 /* UpDownLoadViewModel.swift in Sources */ = {isa = PBXBuildFile; fileRef = 5584B11E23115349000D9309 /* UpDownLoadViewModel.swift */; };
		5584B12123115358000D9309 /* DiscoveryViewModel.swift in Sources */ = {isa = PBXBuildFile; fileRef = 5584B12023115358000D9309 /* DiscoveryViewModel.swift */; };
		5584B126231153FB000D9309 /* DiscoveryCoordinator.swift in Sources */ = {isa = PBXBuildFile; fileRef = 5584B125231153FB000D9309 /* DiscoveryCoordinator.swift */; };
		5584B12823115405000D9309 /* UpDownLoadCoordinator.swift in Sources */ = {isa = PBXBuildFile; fileRef = 5584B12723115405000D9309 /* UpDownLoadCoordinator.swift */; };
		5584B12A2311540F000D9309 /* SettingCoordinator.swift in Sources */ = {isa = PBXBuildFile; fileRef = 5584B1292311540F000D9309 /* SettingCoordinator.swift */; };
		5584B12C23115709000D9309 /* MainCoordinator.swift in Sources */ = {isa = PBXBuildFile; fileRef = 5584B12B23115709000D9309 /* MainCoordinator.swift */; };
		5584B12F23116213000D9309 /* UIColor.swift in Sources */ = {isa = PBXBuildFile; fileRef = 5584B12E23116213000D9309 /* UIColor.swift */; };
		5584B13223116849000D9309 /* Source.swift in Sources */ = {isa = PBXBuildFile; fileRef = 5584B13123116849000D9309 /* Source.swift */; };
		5593029E2312B7150021C170 /* Kanna.framework in Frameworks */ = {isa = PBXBuildFile; fileRef = 5593029D2312B7150021C170 /* Kanna.framework */; };
		559302A02312B7270021C170 /* SwiftyJSON.framework in Frameworks */ = {isa = PBXBuildFile; fileRef = 5593029F2312B7270021C170 /* SwiftyJSON.framework */; };
		559302A42312C1AE0021C170 /* FileKit.framework in Frameworks */ = {isa = PBXBuildFile; fileRef = 559302A32312C1AE0021C170 /* FileKit.framework */; };
		559302A62312C1BF0021C170 /* ZipArchive.framework in Frameworks */ = {isa = PBXBuildFile; fileRef = 559302A52312C1BF0021C170 /* ZipArchive.framework */; };
		559302A82312CE750021C170 /* DongManZhiJia.swift in Sources */ = {isa = PBXBuildFile; fileRef = 559302A72312CE750021C170 /* DongManZhiJia.swift */; };
		559302AA2312CF180021C170 /* ManHuaRen.swift in Sources */ = {isa = PBXBuildFile; fileRef = 559302A92312CF180021C170 /* ManHuaRen.swift */; };
		55B19F6E231AA09A00CFBB02 /* FiltersViewController.swift in Sources */ = {isa = PBXBuildFile; fileRef = 55B19F6C231AA09A00CFBB02 /* FiltersViewController.swift */; };
		55B19F6F231AA09A00CFBB02 /* FiltersViewController.xib in Resources */ = {isa = PBXBuildFile; fileRef = 55B19F6D231AA09A00CFBB02 /* FiltersViewController.xib */; };
		55B19F71231AB3A500CFBB02 /* QuickLayout.framework in Frameworks */ = {isa = PBXBuildFile; fileRef = 55B19F70231AB3A500CFBB02 /* QuickLayout.framework */; };
		55B19F73231AB3B600CFBB02 /* SwiftEntryKit.framework in Frameworks */ = {isa = PBXBuildFile; fileRef = 55B19F72231AB3B600CFBB02 /* SwiftEntryKit.framework */; };
		55BEAA8E23122CD600A6A41D /* BooksViewController.xib in Resources */ = {isa = PBXBuildFile; fileRef = 55BEAA8D23122CD600A6A41D /* BooksViewController.xib */; };
		55BEAA9023122DF000A6A41D /* DiscoveryViewController.xib in Resources */ = {isa = PBXBuildFile; fileRef = 55BEAA8F23122DF000A6A41D /* DiscoveryViewController.xib */; };
		55BEAA9223122E1600A6A41D /* UpDownLoadViewController.xib in Resources */ = {isa = PBXBuildFile; fileRef = 55BEAA9123122E1600A6A41D /* UpDownLoadViewController.xib */; };
		55BEAA9423122E3B00A6A41D /* SettingViewController.xib in Resources */ = {isa = PBXBuildFile; fileRef = 55BEAA9323122E3B00A6A41D /* SettingViewController.xib */; };
		55BEAA9823124EF700A6A41D /* Book.swift in Sources */ = {isa = PBXBuildFile; fileRef = 55BEAA9723124EF700A6A41D /* Book.swift */; };
		55BEAA9A23124EFF00A6A41D /* Chapter.swift in Sources */ = {isa = PBXBuildFile; fileRef = 55BEAA9923124EFF00A6A41D /* Chapter.swift */; };
		55BEAA9C23124F0600A6A41D /* Page.swift in Sources */ = {isa = PBXBuildFile; fileRef = 55BEAA9B23124F0600A6A41D /* Page.swift */; };
		55BEAA9E23124F1500A6A41D /* Filter.swift in Sources */ = {isa = PBXBuildFile; fileRef = 55BEAA9D23124F1500A6A41D /* Filter.swift */; };
		55CB63B12323C94C001A6E4D /* PagesViewController.swift in Sources */ = {isa = PBXBuildFile; fileRef = 55CB63AF2323C94C001A6E4D /* PagesViewController.swift */; };
		55CB63B22323C94C001A6E4D /* PagesViewController.xib in Resources */ = {isa = PBXBuildFile; fileRef = 55CB63B02323C94C001A6E4D /* PagesViewController.xib */; };
		55CB63B42323C95F001A6E4D /* PagesViewModel.swift in Sources */ = {isa = PBXBuildFile; fileRef = 55CB63B32323C95F001A6E4D /* PagesViewModel.swift */; };
		55CB63B62323C980001A6E4D /* PagesCoordinator.swift in Sources */ = {isa = PBXBuildFile; fileRef = 55CB63B52323C980001A6E4D /* PagesCoordinator.swift */; };
		55CB63B92323DB8E001A6E4D /* PageCollectionViewCell.swift in Sources */ = {isa = PBXBuildFile; fileRef = 55CB63B72323DB8E001A6E4D /* PageCollectionViewCell.swift */; };
		55CB63BA2323DB8E001A6E4D /* PageCollectionViewCell.xib in Resources */ = {isa = PBXBuildFile; fileRef = 55CB63B82323DB8E001A6E4D /* PageCollectionViewCell.xib */; };
		55D05260231FE77B0005A2DD /* FilterTitleCollectionHeader.swift in Sources */ = {isa = PBXBuildFile; fileRef = 55D0525E231FE77B0005A2DD /* FilterTitleCollectionHeader.swift */; };
		55D05261231FE77B0005A2DD /* FilterTitleCollectionHeader.xib in Resources */ = {isa = PBXBuildFile; fileRef = 55D0525F231FE77B0005A2DD /* FilterTitleCollectionHeader.xib */; };
		55E4AC9E233112D6002B42A9 /* Downloader.swift in Sources */ = {isa = PBXBuildFile; fileRef = 55E4AC9D233112D6002B42A9 /* Downloader.swift */; };
		55F48B0A23214571000FBC18 /* MarqueeLabel.framework in Frameworks */ = {isa = PBXBuildFile; fileRef = 55F48B0923214571000FBC18 /* MarqueeLabel.framework */; };
		9F27254E2327666900AFC8E6 /* DatabaseManager.swift in Sources */ = {isa = PBXBuildFile; fileRef = 9F27254D2327666900AFC8E6 /* DatabaseManager.swift */; };
		9F27254F232766A000AFC8E6 /* WCDBSwift.framework in Frameworks */ = {isa = PBXBuildFile; fileRef = 55191F5B2310D47D007D1454 /* WCDBSwift.framework */; };
		9F272551232790CE00AFC8E6 /* WCDB.Table.swift in Sources */ = {isa = PBXBuildFile; fileRef = 9F272550232790CE00AFC8E6 /* WCDB.Table.swift */; };
		9F2F6F642331F66F00E5996A /* ChaptersDownloadViewModel.swift in Sources */ = {isa = PBXBuildFile; fileRef = 9F2F6F632331F66F00E5996A /* ChaptersDownloadViewModel.swift */; };
		9F2F6F672331F6CF00E5996A /* ChaptersDownloadViewController.swift in Sources */ = {isa = PBXBuildFile; fileRef = 9F2F6F652331F6CF00E5996A /* ChaptersDownloadViewController.swift */; };
		9F2F6F682331F6CF00E5996A /* ChaptersDownloadViewController.xib in Resources */ = {isa = PBXBuildFile; fileRef = 9F2F6F662331F6CF00E5996A /* ChaptersDownloadViewController.xib */; };
		9F2F6F6A2331F74D00E5996A /* ChaptersDownloadCoordinator.swift in Sources */ = {isa = PBXBuildFile; fileRef = 9F2F6F692331F74D00E5996A /* ChaptersDownloadCoordinator.swift */; };
		9F2F6F6C2333426100E5996A /* WCDB.Database.swift in Sources */ = {isa = PBXBuildFile; fileRef = 9F2F6F6B2333426100E5996A /* WCDB.Database.swift */; };
		9F423D492316834E006B950F /* Date.swift in Sources */ = {isa = PBXBuildFile; fileRef = 9F423D482316834E006B950F /* Date.swift */; };
		9F82EA452329DC85003E465E /* BookCollectionHeader.swift in Sources */ = {isa = PBXBuildFile; fileRef = 9F82EA432329DC85003E465E /* BookCollectionHeader.swift */; };
		9F82EA462329DC85003E465E /* BookCollectionHeader.xib in Resources */ = {isa = PBXBuildFile; fileRef = 9F82EA442329DC85003E465E /* BookCollectionHeader.xib */; };
		9F82EA482329FFD6003E465E /* ViewModel.swift in Sources */ = {isa = PBXBuildFile; fileRef = 9F82EA472329FFD6003E465E /* ViewModel.swift */; };
		9F82EA4B232A3737003E465E /* ErrorViewController.swift in Sources */ = {isa = PBXBuildFile; fileRef = 9F82EA49232A3737003E465E /* ErrorViewController.swift */; };
		9F82EA4C232A3737003E465E /* ErrorViewController.xib in Resources */ = {isa = PBXBuildFile; fileRef = 9F82EA4A232A3737003E465E /* ErrorViewController.xib */; };
		9F8418FD2317B35300A503BE /* BookCollectionViewCell.swift in Sources */ = {isa = PBXBuildFile; fileRef = 9F8418FB2317B35300A503BE /* BookCollectionViewCell.swift */; };
		9F8418FE2317B35300A503BE /* BookCollectionViewCell.xib in Resources */ = {isa = PBXBuildFile; fileRef = 9F8418FC2317B35300A503BE /* BookCollectionViewCell.xib */; };
		9F85FAF82330DF400070E3A0 /* Kingfisher.swift in Sources */ = {isa = PBXBuildFile; fileRef = 9F85FAF72330DF400070E3A0 /* Kingfisher.swift */; };
		9F860CA8231E53DC001052EE /* Hue.framework in Frameworks */ = {isa = PBXBuildFile; fileRef = 9F860CA7231E53DC001052EE /* Hue.framework */; };
		9F955C0623308C820015069E /* UIView.swift in Sources */ = {isa = PBXBuildFile; fileRef = 9F955C0523308C820015069E /* UIView.swift */; };
		9F955C0823309BBD0015069E /* UILabel.swift in Sources */ = {isa = PBXBuildFile; fileRef = 9F955C0723309BBD0015069E /* UILabel.swift */; };
		9FA8DEFD23306EF60003E278 /* UIBarButtonItem.swift in Sources */ = {isa = PBXBuildFile; fileRef = 9FA8DEFC23306EF60003E278 /* UIBarButtonItem.swift */; };
		9FA947242314F4E80028A60D /* Alamofire.swift in Sources */ = {isa = PBXBuildFile; fileRef = 9FA947232314F4E80028A60D /* Alamofire.swift */; };
		9FA947262314FBE90028A60D /* Whoops.swift in Sources */ = {isa = PBXBuildFile; fileRef = 9FA947252314FBE90028A60D /* Whoops.swift */; };
		9FA9472823152C960028A60D /* String.swift in Sources */ = {isa = PBXBuildFile; fileRef = 9FA9472723152C960028A60D /* String.swift */; };
		9FC348A9232F2FC500310987 /* GCDWebServers.framework in Frameworks */ = {isa = PBXBuildFile; fileRef = 9FC348A8232F2FC500310987 /* GCDWebServers.framework */; };
		9FC348AD232F471D00310987 /* Uploader.swift in Sources */ = {isa = PBXBuildFile; fileRef = 9FC348AC232F471D00310987 /* Uploader.swift */; };
		9FC348B0232F4FF400310987 /* UploadViewController.swift in Sources */ = {isa = PBXBuildFile; fileRef = 9FC348AE232F4FF400310987 /* UploadViewController.swift */; };
		9FC348B1232F4FF400310987 /* UploadViewController.xib in Resources */ = {isa = PBXBuildFile; fileRef = 9FC348AF232F4FF400310987 /* UploadViewController.xib */; };
		9FC348B3232F506900310987 /* UploadViewModel.swift in Sources */ = {isa = PBXBuildFile; fileRef = 9FC348B2232F506900310987 /* UploadViewModel.swift */; };
		9FC348B5232F508E00310987 /* UploadCoordinator.swift in Sources */ = {isa = PBXBuildFile; fileRef = 9FC348B4232F508E00310987 /* UploadCoordinator.swift */; };
		9FD786F9231F7A0900E1C03C /* FiltersCoordiantor.swift in Sources */ = {isa = PBXBuildFile; fileRef = 9FD786F8231F7A0900E1C03C /* FiltersCoordiantor.swift */; };
		9FD786FC231F7D5F00E1C03C /* FiltersViewModel.swift in Sources */ = {isa = PBXBuildFile; fileRef = 9FD786FB231F7D5F00E1C03C /* FiltersViewModel.swift */; };
		9FD786FF231FA37B00E1C03C /* FilterCollectionViewCell.swift in Sources */ = {isa = PBXBuildFile; fileRef = 9FD786FD231FA37B00E1C03C /* FilterCollectionViewCell.swift */; };
		9FD78700231FA37B00E1C03C /* FilterCollectionViewCell.xib in Resources */ = {isa = PBXBuildFile; fileRef = 9FD786FE231FA37B00E1C03C /* FilterCollectionViewCell.xib */; };
		9FD787022320B69000E1C03C /* UIFont.swift in Sources */ = {isa = PBXBuildFile; fileRef = 9FD787012320B69000E1C03C /* UIFont.swift */; };
		9FFB4B6C2320D3D100297C12 /* ChaptersViewModel.swift in Sources */ = {isa = PBXBuildFile; fileRef = 9FFB4B6B2320D3D100297C12 /* ChaptersViewModel.swift */; };
		9FFB4B6E2320D3FE00297C12 /* ChaptersCoordinator.swift in Sources */ = {isa = PBXBuildFile; fileRef = 9FFB4B6D2320D3FE00297C12 /* ChaptersCoordinator.swift */; };
		9FFB4B712320D42800297C12 /* ChaptersViewController.swift in Sources */ = {isa = PBXBuildFile; fileRef = 9FFB4B6F2320D42800297C12 /* ChaptersViewController.swift */; };
		9FFB4B722320D42800297C12 /* ChaptersViewController.xib in Resources */ = {isa = PBXBuildFile; fileRef = 9FFB4B702320D42800297C12 /* ChaptersViewController.xib */; };
		9FFB4B752320EA7C00297C12 /* DeviceKit.framework in Frameworks */ = {isa = PBXBuildFile; fileRef = 9FFB4B742320EA7C00297C12 /* DeviceKit.framework */; };
		9FFB4B79232100A500297C12 /* ChapterCollectionViewCell.swift in Sources */ = {isa = PBXBuildFile; fileRef = 9FFB4B77232100A500297C12 /* ChapterCollectionViewCell.swift */; };
		9FFB4B7A232100A500297C12 /* ChapterCollectionViewCell.xib in Resources */ = {isa = PBXBuildFile; fileRef = 9FFB4B78232100A500297C12 /* ChapterCollectionViewCell.xib */; };
/* End PBXBuildFile section */

/* Begin PBXContainerItemProxy section */
		55342F732310B6BC00FA141B /* PBXContainerItemProxy */ = {
			isa = PBXContainerItemProxy;
			containerPortal = 55342F562310B6BB00FA141B /* Project object */;
			proxyType = 1;
			remoteGlobalIDString = 55342F5D2310B6BB00FA141B;
			remoteInfo = iOmic;
		};
		55342F7E2310B6BC00FA141B /* PBXContainerItemProxy */ = {
			isa = PBXContainerItemProxy;
			containerPortal = 55342F562310B6BB00FA141B /* Project object */;
			proxyType = 1;
			remoteGlobalIDString = 55342F5D2310B6BB00FA141B;
			remoteInfo = iOmic;
		};
/* End PBXContainerItemProxy section */

/* Begin PBXFileReference section */
		55191F492310D22D007D1454 /* Alamofire.framework */ = {isa = PBXFileReference; lastKnownFileType = wrapper.framework; name = Alamofire.framework; path = Carthage/Build/iOS/Alamofire.framework; sourceTree = "<group>"; };
		55191F4B2310D244007D1454 /* IQKeyboardManagerSwift.framework */ = {isa = PBXFileReference; lastKnownFileType = wrapper.framework; name = IQKeyboardManagerSwift.framework; path = Carthage/Build/iOS/IQKeyboardManagerSwift.framework; sourceTree = "<group>"; };
		55191F4D2310D24C007D1454 /* Kingfisher.framework */ = {isa = PBXFileReference; lastKnownFileType = wrapper.framework; name = Kingfisher.framework; path = Carthage/Build/iOS/Kingfisher.framework; sourceTree = "<group>"; };
		55191F4F2310D24F007D1454 /* PromiseKit.framework */ = {isa = PBXFileReference; lastKnownFileType = wrapper.framework; name = PromiseKit.framework; path = Carthage/Build/iOS/PromiseKit.framework; sourceTree = "<group>"; };
		55191F512310D25A007D1454 /* RxCocoa.framework */ = {isa = PBXFileReference; lastKnownFileType = wrapper.framework; name = RxCocoa.framework; path = Carthage/Build/iOS/RxCocoa.framework; sourceTree = "<group>"; };
		55191F532310D25F007D1454 /* RxRelay.framework */ = {isa = PBXFileReference; lastKnownFileType = wrapper.framework; name = RxRelay.framework; path = Carthage/Build/iOS/RxRelay.framework; sourceTree = "<group>"; };
		55191F552310D264007D1454 /* RxSwift.framework */ = {isa = PBXFileReference; lastKnownFileType = wrapper.framework; name = RxSwift.framework; path = Carthage/Build/iOS/RxSwift.framework; sourceTree = "<group>"; };
		55191F572310D472007D1454 /* Skeleton.framework */ = {isa = PBXFileReference; lastKnownFileType = wrapper.framework; name = Skeleton.framework; path = Carthage/Build/iOS/Skeleton.framework; sourceTree = "<group>"; };
		55191F592310D477007D1454 /* SwipeCellKit.framework */ = {isa = PBXFileReference; lastKnownFileType = wrapper.framework; name = SwipeCellKit.framework; path = Carthage/Build/iOS/SwipeCellKit.framework; sourceTree = "<group>"; };
		55191F5B2310D47D007D1454 /* WCDBSwift.framework */ = {isa = PBXFileReference; lastKnownFileType = wrapper.framework; name = WCDBSwift.framework; path = Carthage/Build/iOS/WCDBSwift.framework; sourceTree = "<group>"; };
		55191F622310E047007D1454 /* Coordinator.swift */ = {isa = PBXFileReference; lastKnownFileType = sourcecode.swift; path = Coordinator.swift; sourceTree = "<group>"; };
		55342F5E2310B6BB00FA141B /* iOmic.app */ = {isa = PBXFileReference; explicitFileType = wrapper.application; includeInIndex = 0; path = iOmic.app; sourceTree = BUILT_PRODUCTS_DIR; };
		55342F612310B6BB00FA141B /* AppDelegate.swift */ = {isa = PBXFileReference; lastKnownFileType = sourcecode.swift; path = AppDelegate.swift; sourceTree = "<group>"; };
		55342F682310B6BC00FA141B /* Assets.xcassets */ = {isa = PBXFileReference; lastKnownFileType = folder.assetcatalog; path = Assets.xcassets; sourceTree = "<group>"; };
		55342F6B2310B6BC00FA141B /* Base */ = {isa = PBXFileReference; lastKnownFileType = file.storyboard; name = Base; path = Base.lproj/LaunchScreen.storyboard; sourceTree = "<group>"; };
		55342F6D2310B6BC00FA141B /* Info.plist */ = {isa = PBXFileReference; lastKnownFileType = text.plist.xml; path = Info.plist; sourceTree = "<group>"; };
		55342F722310B6BC00FA141B /* iOmicTests.xctest */ = {isa = PBXFileReference; explicitFileType = wrapper.cfbundle; includeInIndex = 0; path = iOmicTests.xctest; sourceTree = BUILT_PRODUCTS_DIR; };
		55342F762310B6BC00FA141B /* iOmicTests.swift */ = {isa = PBXFileReference; lastKnownFileType = sourcecode.swift; path = iOmicTests.swift; sourceTree = "<group>"; };
		55342F782310B6BC00FA141B /* Info.plist */ = {isa = PBXFileReference; lastKnownFileType = text.plist.xml; path = Info.plist; sourceTree = "<group>"; };
		55342F7D2310B6BC00FA141B /* iOmicUITests.xctest */ = {isa = PBXFileReference; explicitFileType = wrapper.cfbundle; includeInIndex = 0; path = iOmicUITests.xctest; sourceTree = BUILT_PRODUCTS_DIR; };
		55342F812310B6BC00FA141B /* iOmicUITests.swift */ = {isa = PBXFileReference; lastKnownFileType = sourcecode.swift; path = iOmicUITests.swift; sourceTree = "<group>"; };
		55342F832310B6BC00FA141B /* Info.plist */ = {isa = PBXFileReference; lastKnownFileType = text.plist.xml; path = Info.plist; sourceTree = "<group>"; };
		553634412329187B00715628 /* MMKV.framework */ = {isa = PBXFileReference; lastKnownFileType = wrapper.framework; name = MMKV.framework; path = Carthage/Build/iOS/MMKV.framework; sourceTree = "<group>"; };
		55363443232918CD00715628 /* KeyValues.swift */ = {isa = PBXFileReference; lastKnownFileType = sourcecode.swift; path = KeyValues.swift; sourceTree = "<group>"; };
		555C1CCD2319582900E388D6 /* ReusableIdentifier.swift */ = {isa = PBXFileReference; lastKnownFileType = sourcecode.swift; path = ReusableIdentifier.swift; sourceTree = "<group>"; };
		555C1CD0231A034200E388D6 /* Differentiator.framework */ = {isa = PBXFileReference; lastKnownFileType = wrapper.framework; name = Differentiator.framework; path = Carthage/Build/iOS/Differentiator.framework; sourceTree = "<group>"; };
		555C1CD2231A035C00E388D6 /* RxDataSources.framework */ = {isa = PBXFileReference; lastKnownFileType = wrapper.framework; name = RxDataSources.framework; path = Carthage/Build/iOS/RxDataSources.framework; sourceTree = "<group>"; };
		5584B0E32310E6A7000D9309 /* AppCoordinator.swift */ = {isa = PBXFileReference; lastKnownFileType = sourcecode.swift; path = AppCoordinator.swift; sourceTree = "<group>"; };
		5584B0E92310EC4F000D9309 /* BooksViewController.swift */ = {isa = PBXFileReference; lastKnownFileType = sourcecode.swift; path = BooksViewController.swift; sourceTree = "<group>"; };
		5584B0ED2310EE29000D9309 /* DiscoveryViewController.swift */ = {isa = PBXFileReference; lastKnownFileType = sourcecode.swift; path = DiscoveryViewController.swift; sourceTree = "<group>"; };
		5584B0F12310EE5E000D9309 /* UpDownLoadViewController.swift */ = {isa = PBXFileReference; lastKnownFileType = sourcecode.swift; path = UpDownLoadViewController.swift; sourceTree = "<group>"; };
		5584B0F52310EE85000D9309 /* SettingViewController.swift */ = {isa = PBXFileReference; lastKnownFileType = sourcecode.swift; path = SettingViewController.swift; sourceTree = "<group>"; };
		5584B0FD2311089F000D9309 /* BooksCoordinator.swift */ = {isa = PBXFileReference; lastKnownFileType = sourcecode.swift; path = BooksCoordinator.swift; sourceTree = "<group>"; };
		5584B10523114A6A000D9309 /* FontAwesome.framework */ = {isa = PBXFileReference; lastKnownFileType = wrapper.framework; name = FontAwesome.framework; path = Carthage/Build/iOS/FontAwesome.framework; sourceTree = "<group>"; };
		5584B10B23114E01000D9309 /* BooksViewModel.swift */ = {isa = PBXFileReference; lastKnownFileType = sourcecode.swift; path = BooksViewModel.swift; sourceTree = "<group>"; };
		5584B11C2311533D000D9309 /* SettingViewModel.swift */ = {isa = PBXFileReference; lastKnownFileType = sourcecode.swift; path = SettingViewModel.swift; sourceTree = "<group>"; };
		5584B11E23115349000D9309 /* UpDownLoadViewModel.swift */ = {isa = PBXFileReference; lastKnownFileType = sourcecode.swift; path = UpDownLoadViewModel.swift; sourceTree = "<group>"; };
		5584B12023115358000D9309 /* DiscoveryViewModel.swift */ = {isa = PBXFileReference; lastKnownFileType = sourcecode.swift; path = DiscoveryViewModel.swift; sourceTree = "<group>"; };
		5584B125231153FB000D9309 /* DiscoveryCoordinator.swift */ = {isa = PBXFileReference; lastKnownFileType = sourcecode.swift; path = DiscoveryCoordinator.swift; sourceTree = "<group>"; };
		5584B12723115405000D9309 /* UpDownLoadCoordinator.swift */ = {isa = PBXFileReference; lastKnownFileType = sourcecode.swift; path = UpDownLoadCoordinator.swift; sourceTree = "<group>"; };
		5584B1292311540F000D9309 /* SettingCoordinator.swift */ = {isa = PBXFileReference; lastKnownFileType = sourcecode.swift; path = SettingCoordinator.swift; sourceTree = "<group>"; };
		5584B12B23115709000D9309 /* MainCoordinator.swift */ = {isa = PBXFileReference; lastKnownFileType = sourcecode.swift; path = MainCoordinator.swift; sourceTree = "<group>"; };
		5584B12E23116213000D9309 /* UIColor.swift */ = {isa = PBXFileReference; lastKnownFileType = sourcecode.swift; path = UIColor.swift; sourceTree = "<group>"; };
		5584B13123116849000D9309 /* Source.swift */ = {isa = PBXFileReference; lastKnownFileType = sourcecode.swift; path = Source.swift; sourceTree = "<group>"; };
		5593029D2312B7150021C170 /* Kanna.framework */ = {isa = PBXFileReference; lastKnownFileType = wrapper.framework; name = Kanna.framework; path = Carthage/Build/iOS/Kanna.framework; sourceTree = "<group>"; };
		5593029F2312B7270021C170 /* SwiftyJSON.framework */ = {isa = PBXFileReference; lastKnownFileType = wrapper.framework; name = SwiftyJSON.framework; path = Carthage/Build/iOS/SwiftyJSON.framework; sourceTree = "<group>"; };
		559302A32312C1AE0021C170 /* FileKit.framework */ = {isa = PBXFileReference; lastKnownFileType = wrapper.framework; name = FileKit.framework; path = Carthage/Build/iOS/FileKit.framework; sourceTree = "<group>"; };
		559302A52312C1BF0021C170 /* ZipArchive.framework */ = {isa = PBXFileReference; lastKnownFileType = wrapper.framework; name = ZipArchive.framework; path = Carthage/Build/iOS/ZipArchive.framework; sourceTree = "<group>"; };
		559302A72312CE750021C170 /* DongManZhiJia.swift */ = {isa = PBXFileReference; lastKnownFileType = sourcecode.swift; path = DongManZhiJia.swift; sourceTree = "<group>"; };
		559302A92312CF180021C170 /* ManHuaRen.swift */ = {isa = PBXFileReference; lastKnownFileType = sourcecode.swift; path = ManHuaRen.swift; sourceTree = "<group>"; };
		55B19F6C231AA09A00CFBB02 /* FiltersViewController.swift */ = {isa = PBXFileReference; lastKnownFileType = sourcecode.swift; path = FiltersViewController.swift; sourceTree = "<group>"; };
		55B19F6D231AA09A00CFBB02 /* FiltersViewController.xib */ = {isa = PBXFileReference; lastKnownFileType = file.xib; path = FiltersViewController.xib; sourceTree = "<group>"; };
		55B19F70231AB3A500CFBB02 /* QuickLayout.framework */ = {isa = PBXFileReference; lastKnownFileType = wrapper.framework; name = QuickLayout.framework; path = Carthage/Build/iOS/QuickLayout.framework; sourceTree = "<group>"; };
		55B19F72231AB3B600CFBB02 /* SwiftEntryKit.framework */ = {isa = PBXFileReference; lastKnownFileType = wrapper.framework; name = SwiftEntryKit.framework; path = Carthage/Build/iOS/SwiftEntryKit.framework; sourceTree = "<group>"; };
		55BEAA8D23122CD600A6A41D /* BooksViewController.xib */ = {isa = PBXFileReference; lastKnownFileType = file.xib; path = BooksViewController.xib; sourceTree = "<group>"; };
		55BEAA8F23122DF000A6A41D /* DiscoveryViewController.xib */ = {isa = PBXFileReference; lastKnownFileType = file.xib; path = DiscoveryViewController.xib; sourceTree = "<group>"; };
		55BEAA9123122E1600A6A41D /* UpDownLoadViewController.xib */ = {isa = PBXFileReference; lastKnownFileType = file.xib; path = UpDownLoadViewController.xib; sourceTree = "<group>"; };
		55BEAA9323122E3B00A6A41D /* SettingViewController.xib */ = {isa = PBXFileReference; lastKnownFileType = file.xib; path = SettingViewController.xib; sourceTree = "<group>"; };
		55BEAA9723124EF700A6A41D /* Book.swift */ = {isa = PBXFileReference; lastKnownFileType = sourcecode.swift; path = Book.swift; sourceTree = "<group>"; };
		55BEAA9923124EFF00A6A41D /* Chapter.swift */ = {isa = PBXFileReference; lastKnownFileType = sourcecode.swift; path = Chapter.swift; sourceTree = "<group>"; };
		55BEAA9B23124F0600A6A41D /* Page.swift */ = {isa = PBXFileReference; lastKnownFileType = sourcecode.swift; path = Page.swift; sourceTree = "<group>"; };
		55BEAA9D23124F1500A6A41D /* Filter.swift */ = {isa = PBXFileReference; lastKnownFileType = sourcecode.swift; path = Filter.swift; sourceTree = "<group>"; };
		55CB63AF2323C94C001A6E4D /* PagesViewController.swift */ = {isa = PBXFileReference; lastKnownFileType = sourcecode.swift; path = PagesViewController.swift; sourceTree = "<group>"; };
		55CB63B02323C94C001A6E4D /* PagesViewController.xib */ = {isa = PBXFileReference; lastKnownFileType = file.xib; path = PagesViewController.xib; sourceTree = "<group>"; };
		55CB63B32323C95F001A6E4D /* PagesViewModel.swift */ = {isa = PBXFileReference; lastKnownFileType = sourcecode.swift; path = PagesViewModel.swift; sourceTree = "<group>"; };
		55CB63B52323C980001A6E4D /* PagesCoordinator.swift */ = {isa = PBXFileReference; lastKnownFileType = sourcecode.swift; path = PagesCoordinator.swift; sourceTree = "<group>"; };
		55CB63B72323DB8E001A6E4D /* PageCollectionViewCell.swift */ = {isa = PBXFileReference; lastKnownFileType = sourcecode.swift; path = PageCollectionViewCell.swift; sourceTree = "<group>"; };
		55CB63B82323DB8E001A6E4D /* PageCollectionViewCell.xib */ = {isa = PBXFileReference; lastKnownFileType = file.xib; path = PageCollectionViewCell.xib; sourceTree = "<group>"; };
		55D0525E231FE77B0005A2DD /* FilterTitleCollectionHeader.swift */ = {isa = PBXFileReference; lastKnownFileType = sourcecode.swift; path = FilterTitleCollectionHeader.swift; sourceTree = "<group>"; };
		55D0525F231FE77B0005A2DD /* FilterTitleCollectionHeader.xib */ = {isa = PBXFileReference; lastKnownFileType = file.xib; path = FilterTitleCollectionHeader.xib; sourceTree = "<group>"; };
		55E4AC9D233112D6002B42A9 /* Downloader.swift */ = {isa = PBXFileReference; lastKnownFileType = sourcecode.swift; name = Downloader.swift; path = iOmic/Common/Extension/Downloader.swift; sourceTree = SOURCE_ROOT; };
		55F48B0923214571000FBC18 /* MarqueeLabel.framework */ = {isa = PBXFileReference; lastKnownFileType = wrapper.framework; name = MarqueeLabel.framework; path = Carthage/Build/iOS/MarqueeLabel.framework; sourceTree = "<group>"; };
		9F272549232650E900AFC8E6 /* RealmSwift.framework */ = {isa = PBXFileReference; lastKnownFileType = wrapper.framework; name = RealmSwift.framework; path = Carthage/Build/iOS/RealmSwift.framework; sourceTree = "<group>"; };
		9F27254A232650E900AFC8E6 /* Realm.framework */ = {isa = PBXFileReference; lastKnownFileType = wrapper.framework; name = Realm.framework; path = Carthage/Build/iOS/Realm.framework; sourceTree = "<group>"; };
		9F27254D2327666900AFC8E6 /* DatabaseManager.swift */ = {isa = PBXFileReference; lastKnownFileType = sourcecode.swift; path = DatabaseManager.swift; sourceTree = "<group>"; };
		9F272550232790CE00AFC8E6 /* WCDB.Table.swift */ = {isa = PBXFileReference; lastKnownFileType = sourcecode.swift; path = WCDB.Table.swift; sourceTree = "<group>"; };
		9F2F6F632331F66F00E5996A /* ChaptersDownloadViewModel.swift */ = {isa = PBXFileReference; lastKnownFileType = sourcecode.swift; path = ChaptersDownloadViewModel.swift; sourceTree = "<group>"; };
		9F2F6F652331F6CF00E5996A /* ChaptersDownloadViewController.swift */ = {isa = PBXFileReference; lastKnownFileType = sourcecode.swift; path = ChaptersDownloadViewController.swift; sourceTree = "<group>"; };
		9F2F6F662331F6CF00E5996A /* ChaptersDownloadViewController.xib */ = {isa = PBXFileReference; lastKnownFileType = file.xib; path = ChaptersDownloadViewController.xib; sourceTree = "<group>"; };
		9F2F6F692331F74D00E5996A /* ChaptersDownloadCoordinator.swift */ = {isa = PBXFileReference; lastKnownFileType = sourcecode.swift; path = ChaptersDownloadCoordinator.swift; sourceTree = "<group>"; };
		9F2F6F6B2333426100E5996A /* WCDB.Database.swift */ = {isa = PBXFileReference; lastKnownFileType = sourcecode.swift; path = WCDB.Database.swift; sourceTree = "<group>"; };
		9F4058C32328929A00AA1309 /* SkeletonView.framework */ = {isa = PBXFileReference; lastKnownFileType = wrapper.framework; name = SkeletonView.framework; path = Carthage/Build/iOS/SkeletonView.framework; sourceTree = "<group>"; };
		9F423D482316834E006B950F /* Date.swift */ = {isa = PBXFileReference; lastKnownFileType = sourcecode.swift; path = Date.swift; sourceTree = "<group>"; };
		9F423D4B23175B35006B950F /* iOmic-Bridging-Header.h */ = {isa = PBXFileReference; lastKnownFileType = sourcecode.c.h; path = "iOmic-Bridging-Header.h"; sourceTree = "<group>"; };
		9F82EA432329DC85003E465E /* BookCollectionHeader.swift */ = {isa = PBXFileReference; lastKnownFileType = sourcecode.swift; path = BookCollectionHeader.swift; sourceTree = "<group>"; };
		9F82EA442329DC85003E465E /* BookCollectionHeader.xib */ = {isa = PBXFileReference; lastKnownFileType = file.xib; path = BookCollectionHeader.xib; sourceTree = "<group>"; };
		9F82EA472329FFD6003E465E /* ViewModel.swift */ = {isa = PBXFileReference; lastKnownFileType = sourcecode.swift; path = ViewModel.swift; sourceTree = "<group>"; };
		9F82EA49232A3737003E465E /* ErrorViewController.swift */ = {isa = PBXFileReference; lastKnownFileType = sourcecode.swift; path = ErrorViewController.swift; sourceTree = "<group>"; };
		9F82EA4A232A3737003E465E /* ErrorViewController.xib */ = {isa = PBXFileReference; lastKnownFileType = file.xib; path = ErrorViewController.xib; sourceTree = "<group>"; };
		9F8418FB2317B35300A503BE /* BookCollectionViewCell.swift */ = {isa = PBXFileReference; lastKnownFileType = sourcecode.swift; path = BookCollectionViewCell.swift; sourceTree = "<group>"; };
		9F8418FC2317B35300A503BE /* BookCollectionViewCell.xib */ = {isa = PBXFileReference; lastKnownFileType = file.xib; path = BookCollectionViewCell.xib; sourceTree = "<group>"; };
		9F85FAF72330DF400070E3A0 /* Kingfisher.swift */ = {isa = PBXFileReference; lastKnownFileType = sourcecode.swift; path = Kingfisher.swift; sourceTree = "<group>"; };
		9F860CA7231E53DC001052EE /* Hue.framework */ = {isa = PBXFileReference; lastKnownFileType = wrapper.framework; name = Hue.framework; path = Carthage/Build/iOS/Hue.framework; sourceTree = "<group>"; };
		9F955C0523308C820015069E /* UIView.swift */ = {isa = PBXFileReference; lastKnownFileType = sourcecode.swift; path = UIView.swift; sourceTree = "<group>"; };
		9F955C0723309BBD0015069E /* UILabel.swift */ = {isa = PBXFileReference; lastKnownFileType = sourcecode.swift; path = UILabel.swift; sourceTree = "<group>"; };
		9FA8DEFC23306EF60003E278 /* UIBarButtonItem.swift */ = {isa = PBXFileReference; lastKnownFileType = sourcecode.swift; path = UIBarButtonItem.swift; sourceTree = "<group>"; };
		9FA947232314F4E80028A60D /* Alamofire.swift */ = {isa = PBXFileReference; lastKnownFileType = sourcecode.swift; path = Alamofire.swift; sourceTree = "<group>"; };
		9FA947252314FBE90028A60D /* Whoops.swift */ = {isa = PBXFileReference; lastKnownFileType = sourcecode.swift; path = Whoops.swift; sourceTree = "<group>"; };
		9FA9472723152C960028A60D /* String.swift */ = {isa = PBXFileReference; lastKnownFileType = sourcecode.swift; path = String.swift; sourceTree = "<group>"; };
		9FC348A8232F2FC500310987 /* GCDWebServers.framework */ = {isa = PBXFileReference; lastKnownFileType = wrapper.framework; name = GCDWebServers.framework; path = Carthage/Build/iOS/GCDWebServers.framework; sourceTree = "<group>"; };
		9FC348AC232F471D00310987 /* Uploader.swift */ = {isa = PBXFileReference; lastKnownFileType = sourcecode.swift; path = Uploader.swift; sourceTree = "<group>"; };
		9FC348AE232F4FF400310987 /* UploadViewController.swift */ = {isa = PBXFileReference; lastKnownFileType = sourcecode.swift; path = UploadViewController.swift; sourceTree = "<group>"; };
		9FC348AF232F4FF400310987 /* UploadViewController.xib */ = {isa = PBXFileReference; lastKnownFileType = file.xib; path = UploadViewController.xib; sourceTree = "<group>"; };
		9FC348B2232F506900310987 /* UploadViewModel.swift */ = {isa = PBXFileReference; lastKnownFileType = sourcecode.swift; path = UploadViewModel.swift; sourceTree = "<group>"; };
		9FC348B4232F508E00310987 /* UploadCoordinator.swift */ = {isa = PBXFileReference; lastKnownFileType = sourcecode.swift; path = UploadCoordinator.swift; sourceTree = "<group>"; };
		9FD786F8231F7A0900E1C03C /* FiltersCoordiantor.swift */ = {isa = PBXFileReference; lastKnownFileType = sourcecode.swift; path = FiltersCoordiantor.swift; sourceTree = "<group>"; };
		9FD786FB231F7D5F00E1C03C /* FiltersViewModel.swift */ = {isa = PBXFileReference; lastKnownFileType = sourcecode.swift; path = FiltersViewModel.swift; sourceTree = "<group>"; };
		9FD786FD231FA37B00E1C03C /* FilterCollectionViewCell.swift */ = {isa = PBXFileReference; lastKnownFileType = sourcecode.swift; path = FilterCollectionViewCell.swift; sourceTree = "<group>"; };
		9FD786FE231FA37B00E1C03C /* FilterCollectionViewCell.xib */ = {isa = PBXFileReference; lastKnownFileType = file.xib; path = FilterCollectionViewCell.xib; sourceTree = "<group>"; };
		9FD787012320B69000E1C03C /* UIFont.swift */ = {isa = PBXFileReference; lastKnownFileType = sourcecode.swift; path = UIFont.swift; sourceTree = "<group>"; };
		9FE5102423261FCF008F2610 /* SwiftyUserDefaults.framework */ = {isa = PBXFileReference; lastKnownFileType = wrapper.framework; name = SwiftyUserDefaults.framework; path = Carthage/Build/iOS/SwiftyUserDefaults.framework; sourceTree = "<group>"; };
		9FE510282326227D008F2610 /* DefaultsKit.framework */ = {isa = PBXFileReference; lastKnownFileType = wrapper.framework; name = DefaultsKit.framework; path = Carthage/Build/iOS/DefaultsKit.framework; sourceTree = "<group>"; };
		9FFB4B6B2320D3D100297C12 /* ChaptersViewModel.swift */ = {isa = PBXFileReference; lastKnownFileType = sourcecode.swift; path = ChaptersViewModel.swift; sourceTree = "<group>"; };
		9FFB4B6D2320D3FE00297C12 /* ChaptersCoordinator.swift */ = {isa = PBXFileReference; lastKnownFileType = sourcecode.swift; path = ChaptersCoordinator.swift; sourceTree = "<group>"; };
		9FFB4B6F2320D42800297C12 /* ChaptersViewController.swift */ = {isa = PBXFileReference; lastKnownFileType = sourcecode.swift; path = ChaptersViewController.swift; sourceTree = "<group>"; };
		9FFB4B702320D42800297C12 /* ChaptersViewController.xib */ = {isa = PBXFileReference; lastKnownFileType = file.xib; path = ChaptersViewController.xib; sourceTree = "<group>"; };
		9FFB4B742320EA7C00297C12 /* DeviceKit.framework */ = {isa = PBXFileReference; lastKnownFileType = wrapper.framework; name = DeviceKit.framework; path = Carthage/Build/iOS/DeviceKit.framework; sourceTree = "<group>"; };
		9FFB4B77232100A500297C12 /* ChapterCollectionViewCell.swift */ = {isa = PBXFileReference; lastKnownFileType = sourcecode.swift; path = ChapterCollectionViewCell.swift; sourceTree = "<group>"; };
		9FFB4B78232100A500297C12 /* ChapterCollectionViewCell.xib */ = {isa = PBXFileReference; lastKnownFileType = file.xib; path = ChapterCollectionViewCell.xib; sourceTree = "<group>"; };
/* End PBXFileReference section */

/* Begin PBXFrameworksBuildPhase section */
		55342F5B2310B6BB00FA141B /* Frameworks */ = {
			isa = PBXFrameworksBuildPhase;
			buildActionMask = 2147483647;
			files = (
				55191F4A2310D22D007D1454 /* Alamofire.framework in Frameworks */,
				9FFB4B752320EA7C00297C12 /* DeviceKit.framework in Frameworks */,
				555C1CD1231A034200E388D6 /* Differentiator.framework in Frameworks */,
				559302A42312C1AE0021C170 /* FileKit.framework in Frameworks */,
				9FC348A9232F2FC500310987 /* GCDWebServers.framework in Frameworks */,
				9F860CA8231E53DC001052EE /* Hue.framework in Frameworks */,
				55191F4C2310D244007D1454 /* IQKeyboardManagerSwift.framework in Frameworks */,
				5593029E2312B7150021C170 /* Kanna.framework in Frameworks */,
				55191F4E2310D24C007D1454 /* Kingfisher.framework in Frameworks */,
				55F48B0A23214571000FBC18 /* MarqueeLabel.framework in Frameworks */,
				553634422329187B00715628 /* MMKV.framework in Frameworks */,
				55B19F71231AB3A500CFBB02 /* QuickLayout.framework in Frameworks */,
				55191F522310D25A007D1454 /* RxCocoa.framework in Frameworks */,
				555C1CD3231A035C00E388D6 /* RxDataSources.framework in Frameworks */,
				55191F542310D25F007D1454 /* RxRelay.framework in Frameworks */,
				55191F562310D264007D1454 /* RxSwift.framework in Frameworks */,
				55B19F73231AB3B600CFBB02 /* SwiftEntryKit.framework in Frameworks */,
				559302A02312B7270021C170 /* SwiftyJSON.framework in Frameworks */,
				55191F5A2310D477007D1454 /* SwipeCellKit.framework in Frameworks */,
				9F27254F232766A000AFC8E6 /* WCDBSwift.framework in Frameworks */,
				559302A62312C1BF0021C170 /* ZipArchive.framework in Frameworks */,
			);
			runOnlyForDeploymentPostprocessing = 0;
		};
		55342F6F2310B6BC00FA141B /* Frameworks */ = {
			isa = PBXFrameworksBuildPhase;
			buildActionMask = 2147483647;
			files = (
			);
			runOnlyForDeploymentPostprocessing = 0;
		};
		55342F7A2310B6BC00FA141B /* Frameworks */ = {
			isa = PBXFrameworksBuildPhase;
			buildActionMask = 2147483647;
			files = (
			);
			runOnlyForDeploymentPostprocessing = 0;
		};
/* End PBXFrameworksBuildPhase section */

/* Begin PBXGroup section */
		55191F482310D22D007D1454 /* Frameworks */ = {
			isa = PBXGroup;
			children = (
				9FC348A8232F2FC500310987 /* GCDWebServers.framework */,
				553634412329187B00715628 /* MMKV.framework */,
				9F4058C32328929A00AA1309 /* SkeletonView.framework */,
				9F27254A232650E900AFC8E6 /* Realm.framework */,
				9F272549232650E900AFC8E6 /* RealmSwift.framework */,
				9FE510282326227D008F2610 /* DefaultsKit.framework */,
				9FE5102423261FCF008F2610 /* SwiftyUserDefaults.framework */,
				55F48B0923214571000FBC18 /* MarqueeLabel.framework */,
				9FFB4B742320EA7C00297C12 /* DeviceKit.framework */,
				9F860CA7231E53DC001052EE /* Hue.framework */,
				55B19F72231AB3B600CFBB02 /* SwiftEntryKit.framework */,
				55B19F70231AB3A500CFBB02 /* QuickLayout.framework */,
				555C1CD2231A035C00E388D6 /* RxDataSources.framework */,
				555C1CD0231A034200E388D6 /* Differentiator.framework */,
				559302A52312C1BF0021C170 /* ZipArchive.framework */,
				559302A32312C1AE0021C170 /* FileKit.framework */,
				5593029F2312B7270021C170 /* SwiftyJSON.framework */,
				5593029D2312B7150021C170 /* Kanna.framework */,
				5584B10523114A6A000D9309 /* FontAwesome.framework */,
				55191F5B2310D47D007D1454 /* WCDBSwift.framework */,
				55191F592310D477007D1454 /* SwipeCellKit.framework */,
				55191F572310D472007D1454 /* Skeleton.framework */,
				55191F552310D264007D1454 /* RxSwift.framework */,
				55191F532310D25F007D1454 /* RxRelay.framework */,
				55191F512310D25A007D1454 /* RxCocoa.framework */,
				55191F4F2310D24F007D1454 /* PromiseKit.framework */,
				55191F4D2310D24C007D1454 /* Kingfisher.framework */,
				55191F4B2310D244007D1454 /* IQKeyboardManagerSwift.framework */,
				55191F492310D22D007D1454 /* Alamofire.framework */,
			);
			name = Frameworks;
			sourceTree = "<group>";
		};
		55191F5F2310DE65007D1454 /* Coordinator */ = {
			isa = PBXGroup;
			children = (
				5584B124231153DF000D9309 /* Setting */,
				5584B123231153D9000D9309 /* UpDownLoad */,
				5584B122231153D1000D9309 /* Discovery */,
				5584B0FC23110886000D9309 /* Books */,
				55191F622310E047007D1454 /* Coordinator.swift */,
				5584B0E32310E6A7000D9309 /* AppCoordinator.swift */,
				5584B12B23115709000D9309 /* MainCoordinator.swift */,
			);
			path = Coordinator;
			sourceTree = "<group>";
		};
		55191F602310DEAE007D1454 /* ViewController */ = {
			isa = PBXGroup;
			children = (
				5584B0E82310EBD2000D9309 /* Setting */,
				5584B0E72310EB54000D9309 /* UpDownLoad */,
				5584B0E62310EB4B000D9309 /* Discovery */,
				5584B0E52310EB3D000D9309 /* Books */,
				9F82EA49232A3737003E465E /* ErrorViewController.swift */,
				9F82EA4A232A3737003E465E /* ErrorViewController.xib */,
			);
			path = ViewController;
			sourceTree = "<group>";
		};
		55191F612310DEBC007D1454 /* ViewModel */ = {
			isa = PBXGroup;
			children = (
				5584B11B2311532B000D9309 /* Setting */,
				5584B11A23115325000D9309 /* UpDownLoad */,
				5584B11923115319000D9309 /* Discovery */,
				5584B1182311530D000D9309 /* Books */,
				9F82EA472329FFD6003E465E /* ViewModel.swift */,
			);
			path = ViewModel;
			sourceTree = "<group>";
		};
		55342F552310B6BB00FA141B = {
			isa = PBXGroup;
			children = (
				55342F602310B6BB00FA141B /* iOmic */,
				55342F752310B6BC00FA141B /* iOmicTests */,
				55342F802310B6BC00FA141B /* iOmicUITests */,
				55342F5F2310B6BB00FA141B /* Products */,
				55191F482310D22D007D1454 /* Frameworks */,
			);
			sourceTree = "<group>";
		};
		55342F5F2310B6BB00FA141B /* Products */ = {
			isa = PBXGroup;
			children = (
				55342F5E2310B6BB00FA141B /* iOmic.app */,
				55342F722310B6BC00FA141B /* iOmicTests.xctest */,
				55342F7D2310B6BC00FA141B /* iOmicUITests.xctest */,
			);
			name = Products;
			sourceTree = "<group>";
		};
		55342F602310B6BB00FA141B /* iOmic */ = {
			isa = PBXGroup;
			children = (
				55BEAA9623124EE400A6A41D /* Service */,
				55BEAA9523124EDD00A6A41D /* Model */,
				5584B10D23114F3F000D9309 /* Common */,
				55191F612310DEBC007D1454 /* ViewModel */,
				5584B13323116BE6000D9309 /* View */,
				55191F602310DEAE007D1454 /* ViewController */,
				55191F5F2310DE65007D1454 /* Coordinator */,
				55342F612310B6BB00FA141B /* AppDelegate.swift */,
				55342F682310B6BC00FA141B /* Assets.xcassets */,
				55342F6A2310B6BC00FA141B /* LaunchScreen.storyboard */,
				55342F6D2310B6BC00FA141B /* Info.plist */,
				9F423D4B23175B35006B950F /* iOmic-Bridging-Header.h */,
			);
			path = iOmic;
			sourceTree = "<group>";
		};
		55342F752310B6BC00FA141B /* iOmicTests */ = {
			isa = PBXGroup;
			children = (
				55342F762310B6BC00FA141B /* iOmicTests.swift */,
				55342F782310B6BC00FA141B /* Info.plist */,
			);
			path = iOmicTests;
			sourceTree = "<group>";
		};
		55342F802310B6BC00FA141B /* iOmicUITests */ = {
			isa = PBXGroup;
			children = (
				55342F812310B6BC00FA141B /* iOmicUITests.swift */,
				55342F832310B6BC00FA141B /* Info.plist */,
			);
			path = iOmicUITests;
			sourceTree = "<group>";
		};
		555C1CCF2319587600E388D6 /* Protocol */ = {
			isa = PBXGroup;
			children = (
				555C1CCD2319582900E388D6 /* ReusableIdentifier.swift */,
			);
			path = Protocol;
			sourceTree = "<group>";
		};
		5584B0E52310EB3D000D9309 /* Books */ = {
			isa = PBXGroup;
			children = (
				5584B0E92310EC4F000D9309 /* BooksViewController.swift */,
				55BEAA8D23122CD600A6A41D /* BooksViewController.xib */,
				9F2F6F652331F6CF00E5996A /* ChaptersDownloadViewController.swift */,
				9F2F6F662331F6CF00E5996A /* ChaptersDownloadViewController.xib */,
				9FFB4B6F2320D42800297C12 /* ChaptersViewController.swift */,
				9FFB4B702320D42800297C12 /* ChaptersViewController.xib */,
				55CB63AF2323C94C001A6E4D /* PagesViewController.swift */,
				55CB63B02323C94C001A6E4D /* PagesViewController.xib */,
			);
			path = Books;
			sourceTree = "<group>";
		};
		5584B0E62310EB4B000D9309 /* Discovery */ = {
			isa = PBXGroup;
			children = (
				5584B0ED2310EE29000D9309 /* DiscoveryViewController.swift */,
				55BEAA8F23122DF000A6A41D /* DiscoveryViewController.xib */,
				55B19F6C231AA09A00CFBB02 /* FiltersViewController.swift */,
				55B19F6D231AA09A00CFBB02 /* FiltersViewController.xib */,
			);
			path = Discovery;
			sourceTree = "<group>";
		};
		5584B0E72310EB54000D9309 /* UpDownLoad */ = {
			isa = PBXGroup;
			children = (
				5584B0F12310EE5E000D9309 /* UpDownLoadViewController.swift */,
				55BEAA9123122E1600A6A41D /* UpDownLoadViewController.xib */,
				9FC348AE232F4FF400310987 /* UploadViewController.swift */,
				9FC348AF232F4FF400310987 /* UploadViewController.xib */,
			);
			path = UpDownLoad;
			sourceTree = "<group>";
		};
		5584B0E82310EBD2000D9309 /* Setting */ = {
			isa = PBXGroup;
			children = (
				5584B0F52310EE85000D9309 /* SettingViewController.swift */,
				55BEAA9323122E3B00A6A41D /* SettingViewController.xib */,
			);
			path = Setting;
			sourceTree = "<group>";
		};
		5584B0FC23110886000D9309 /* Books */ = {
			isa = PBXGroup;
			children = (
				5584B0FD2311089F000D9309 /* BooksCoordinator.swift */,
				9FFB4B6D2320D3FE00297C12 /* ChaptersCoordinator.swift */,
				55CB63B52323C980001A6E4D /* PagesCoordinator.swift */,
				9F2F6F692331F74D00E5996A /* ChaptersDownloadCoordinator.swift */,
			);
			path = Books;
			sourceTree = "<group>";
		};
		5584B10D23114F3F000D9309 /* Common */ = {
			isa = PBXGroup;
			children = (
				555C1CCF2319587600E388D6 /* Protocol */,
				5584B12D23116206000D9309 /* Extension */,
				9FA947252314FBE90028A60D /* Whoops.swift */,
			);
			path = Common;
			sourceTree = "<group>";
		};
		5584B1182311530D000D9309 /* Books */ = {
			isa = PBXGroup;
			children = (
				5584B10B23114E01000D9309 /* BooksViewModel.swift */,
				9F2F6F632331F66F00E5996A /* ChaptersDownloadViewModel.swift */,
				9FFB4B6B2320D3D100297C12 /* ChaptersViewModel.swift */,
				55CB63B32323C95F001A6E4D /* PagesViewModel.swift */,
			);
			path = Books;
			sourceTree = "<group>";
		};
		5584B11923115319000D9309 /* Discovery */ = {
			isa = PBXGroup;
			children = (
				5584B12023115358000D9309 /* DiscoveryViewModel.swift */,
				9FD786FB231F7D5F00E1C03C /* FiltersViewModel.swift */,
			);
			path = Discovery;
			sourceTree = "<group>";
		};
		5584B11A23115325000D9309 /* UpDownLoad */ = {
			isa = PBXGroup;
			children = (
				5584B11E23115349000D9309 /* UpDownLoadViewModel.swift */,
				9FC348B2232F506900310987 /* UploadViewModel.swift */,
			);
			path = UpDownLoad;
			sourceTree = "<group>";
		};
		5584B11B2311532B000D9309 /* Setting */ = {
			isa = PBXGroup;
			children = (
				5584B11C2311533D000D9309 /* SettingViewModel.swift */,
			);
			path = Setting;
			sourceTree = "<group>";
		};
		5584B122231153D1000D9309 /* Discovery */ = {
			isa = PBXGroup;
			children = (
				5584B125231153FB000D9309 /* DiscoveryCoordinator.swift */,
				9FD786F8231F7A0900E1C03C /* FiltersCoordiantor.swift */,
			);
			path = Discovery;
			sourceTree = "<group>";
		};
		5584B123231153D9000D9309 /* UpDownLoad */ = {
			isa = PBXGroup;
			children = (
				5584B12723115405000D9309 /* UpDownLoadCoordinator.swift */,
				9FC348B4232F508E00310987 /* UploadCoordinator.swift */,
			);
			path = UpDownLoad;
			sourceTree = "<group>";
		};
		5584B124231153DF000D9309 /* Setting */ = {
			isa = PBXGroup;
			children = (
				5584B1292311540F000D9309 /* SettingCoordinator.swift */,
			);
			path = Setting;
			sourceTree = "<group>";
		};
		5584B12D23116206000D9309 /* Extension */ = {
			isa = PBXGroup;
			children = (
				5584B12E23116213000D9309 /* UIColor.swift */,
				9FA947232314F4E80028A60D /* Alamofire.swift */,
				9FA9472723152C960028A60D /* String.swift */,
				9F423D482316834E006B950F /* Date.swift */,
				9FD787012320B69000E1C03C /* UIFont.swift */,
				9F2F6F6B2333426100E5996A /* WCDB.Database.swift */,
				9F272550232790CE00AFC8E6 /* WCDB.Table.swift */,
				9FA8DEFC23306EF60003E278 /* UIBarButtonItem.swift */,
				9F955C0523308C820015069E /* UIView.swift */,
				9F955C0723309BBD0015069E /* UILabel.swift */,
				9F85FAF72330DF400070E3A0 /* Kingfisher.swift */,
			);
			path = Extension;
			sourceTree = "<group>";
		};
		5584B13023116835000D9309 /* Source */ = {
			isa = PBXGroup;
			children = (
				5584B13123116849000D9309 /* Source.swift */,
				559302A72312CE750021C170 /* DongManZhiJia.swift */,
				559302A92312CF180021C170 /* ManHuaRen.swift */,
			);
			path = Source;
			sourceTree = "<group>";
		};
		5584B13323116BE6000D9309 /* View */ = {
			isa = PBXGroup;
			children = (
				9FFB4B762321008300297C12 /* Books */,
				9FFB4B732320E01500297C12 /* Discovery */,
			);
			path = View;
			sourceTree = "<group>";
		};
		55BEAA9523124EDD00A6A41D /* Model */ = {
			isa = PBXGroup;
			children = (
				55BEAA9723124EF700A6A41D /* Book.swift */,
				55BEAA9923124EFF00A6A41D /* Chapter.swift */,
				55BEAA9B23124F0600A6A41D /* Page.swift */,
				55BEAA9D23124F1500A6A41D /* Filter.swift */,
			);
			path = Model;
			sourceTree = "<group>";
		};
		55BEAA9623124EE400A6A41D /* Service */ = {
			isa = PBXGroup;
			children = (
				9FC348AB232F309800310987 /* Download */,
				9FC348AA232F308900310987 /* Upload */,
				9FE5102A23263FAA008F2610 /* Database */,
				5584B13023116835000D9309 /* Source */,
				55363443232918CD00715628 /* KeyValues.swift */,
			);
			path = Service;
			sourceTree = "<group>";
		};
		9FC348AA232F308900310987 /* Upload */ = {
			isa = PBXGroup;
			children = (
				9FC348AC232F471D00310987 /* Uploader.swift */,
			);
			path = Upload;
			sourceTree = "<group>";
		};
		9FC348AB232F309800310987 /* Download */ = {
			isa = PBXGroup;
			children = (
				55E4AC9D233112D6002B42A9 /* Downloader.swift */,
			);
			path = Download;
			sourceTree = "<group>";
		};
		9FE5102A23263FAA008F2610 /* Database */ = {
			isa = PBXGroup;
			children = (
				9F27254D2327666900AFC8E6 /* DatabaseManager.swift */,
			);
			path = Database;
			sourceTree = "<group>";
		};
		9FFB4B732320E01500297C12 /* Discovery */ = {
			isa = PBXGroup;
			children = (
				9FD786FD231FA37B00E1C03C /* FilterCollectionViewCell.swift */,
				9FD786FE231FA37B00E1C03C /* FilterCollectionViewCell.xib */,
				55D0525E231FE77B0005A2DD /* FilterTitleCollectionHeader.swift */,
				55D0525F231FE77B0005A2DD /* FilterTitleCollectionHeader.xib */,
			);
			path = Discovery;
			sourceTree = "<group>";
		};
		9FFB4B762321008300297C12 /* Books */ = {
			isa = PBXGroup;
			children = (
				9F8418FB2317B35300A503BE /* BookCollectionViewCell.swift */,
				9F8418FC2317B35300A503BE /* BookCollectionViewCell.xib */,
				9F82EA432329DC85003E465E /* BookCollectionHeader.swift */,
				9F82EA442329DC85003E465E /* BookCollectionHeader.xib */,
				9FFB4B77232100A500297C12 /* ChapterCollectionViewCell.swift */,
				9FFB4B78232100A500297C12 /* ChapterCollectionViewCell.xib */,
				55CB63B72323DB8E001A6E4D /* PageCollectionViewCell.swift */,
				55CB63B82323DB8E001A6E4D /* PageCollectionViewCell.xib */,
			);
			path = Books;
			sourceTree = "<group>";
		};
/* End PBXGroup section */

/* Begin PBXNativeTarget section */
		55342F5D2310B6BB00FA141B /* iOmic */ = {
			isa = PBXNativeTarget;
			buildConfigurationList = 55342F862310B6BC00FA141B /* Build configuration list for PBXNativeTarget "iOmic" */;
			buildPhases = (
				55342F5A2310B6BB00FA141B /* Sources */,
				55342F5B2310B6BB00FA141B /* Frameworks */,
				55342F5C2310B6BB00FA141B /* Resources */,
				55191F5D2310D4B4007D1454 /* Carthage Copy */,
				55191F5E2310D8A9007D1454 /* Carthage Copy [DEBUG] */,
				9FD786FA231F7AE600E1C03C /* Swift Format */,
				9F423D4A231753BB006B950F /* Swift Lint */,
			);
			buildRules = (
			);
			dependencies = (
			);
			name = iOmic;
			productName = iOmic;
			productReference = 55342F5E2310B6BB00FA141B /* iOmic.app */;
			productType = "com.apple.product-type.application";
		};
		55342F712310B6BC00FA141B /* iOmicTests */ = {
			isa = PBXNativeTarget;
			buildConfigurationList = 55342F892310B6BC00FA141B /* Build configuration list for PBXNativeTarget "iOmicTests" */;
			buildPhases = (
				55342F6E2310B6BC00FA141B /* Sources */,
				55342F6F2310B6BC00FA141B /* Frameworks */,
				55342F702310B6BC00FA141B /* Resources */,
			);
			buildRules = (
			);
			dependencies = (
				55342F742310B6BC00FA141B /* PBXTargetDependency */,
			);
			name = iOmicTests;
			productName = iOmicTests;
			productReference = 55342F722310B6BC00FA141B /* iOmicTests.xctest */;
			productType = "com.apple.product-type.bundle.unit-test";
		};
		55342F7C2310B6BC00FA141B /* iOmicUITests */ = {
			isa = PBXNativeTarget;
			buildConfigurationList = 55342F8C2310B6BC00FA141B /* Build configuration list for PBXNativeTarget "iOmicUITests" */;
			buildPhases = (
				55342F792310B6BC00FA141B /* Sources */,
				55342F7A2310B6BC00FA141B /* Frameworks */,
				55342F7B2310B6BC00FA141B /* Resources */,
			);
			buildRules = (
			);
			dependencies = (
				55342F7F2310B6BC00FA141B /* PBXTargetDependency */,
			);
			name = iOmicUITests;
			productName = iOmicUITests;
			productReference = 55342F7D2310B6BC00FA141B /* iOmicUITests.xctest */;
			productType = "com.apple.product-type.bundle.ui-testing";
		};
/* End PBXNativeTarget section */

/* Begin PBXProject section */
		55342F562310B6BB00FA141B /* Project object */ = {
			isa = PBXProject;
			attributes = {
				LastSwiftUpdateCheck = 1030;
				LastUpgradeCheck = 1030;
				ORGANIZATIONNAME = "门捷夫";
				TargetAttributes = {
					55342F5D2310B6BB00FA141B = {
						CreatedOnToolsVersion = 10.3;
						LastSwiftMigration = 1030;
					};
					55342F712310B6BC00FA141B = {
						CreatedOnToolsVersion = 10.3;
						TestTargetID = 55342F5D2310B6BB00FA141B;
					};
					55342F7C2310B6BC00FA141B = {
						CreatedOnToolsVersion = 10.3;
						TestTargetID = 55342F5D2310B6BB00FA141B;
					};
				};
			};
			buildConfigurationList = 55342F592310B6BB00FA141B /* Build configuration list for PBXProject "iOmic" */;
			compatibilityVersion = "Xcode 9.3";
			developmentRegion = en;
			hasScannedForEncodings = 0;
			knownRegions = (
				en,
				Base,
			);
			mainGroup = 55342F552310B6BB00FA141B;
			productRefGroup = 55342F5F2310B6BB00FA141B /* Products */;
			projectDirPath = "";
			projectRoot = "";
			targets = (
				55342F5D2310B6BB00FA141B /* iOmic */,
				55342F712310B6BC00FA141B /* iOmicTests */,
				55342F7C2310B6BC00FA141B /* iOmicUITests */,
			);
		};
/* End PBXProject section */

/* Begin PBXResourcesBuildPhase section */
		55342F5C2310B6BB00FA141B /* Resources */ = {
			isa = PBXResourcesBuildPhase;
			buildActionMask = 2147483647;
			files = (
				9FFB4B7A232100A500297C12 /* ChapterCollectionViewCell.xib in Resources */,
				9F82EA4C232A3737003E465E /* ErrorViewController.xib in Resources */,
				9F82EA462329DC85003E465E /* BookCollectionHeader.xib in Resources */,
				55BEAA9423122E3B00A6A41D /* SettingViewController.xib in Resources */,
				55B19F6F231AA09A00CFBB02 /* FiltersViewController.xib in Resources */,
				55342F6C2310B6BC00FA141B /* LaunchScreen.storyboard in Resources */,
				55BEAA8E23122CD600A6A41D /* BooksViewController.xib in Resources */,
				55342F692310B6BC00FA141B /* Assets.xcassets in Resources */,
				9F2F6F682331F6CF00E5996A /* ChaptersDownloadViewController.xib in Resources */,
				9FFB4B722320D42800297C12 /* ChaptersViewController.xib in Resources */,
				9FD78700231FA37B00E1C03C /* FilterCollectionViewCell.xib in Resources */,
				55BEAA9023122DF000A6A41D /* DiscoveryViewController.xib in Resources */,
				55D05261231FE77B0005A2DD /* FilterTitleCollectionHeader.xib in Resources */,
				55BEAA9223122E1600A6A41D /* UpDownLoadViewController.xib in Resources */,
				9FC348B1232F4FF400310987 /* UploadViewController.xib in Resources */,
				55CB63BA2323DB8E001A6E4D /* PageCollectionViewCell.xib in Resources */,
				55CB63B22323C94C001A6E4D /* PagesViewController.xib in Resources */,
				9F8418FE2317B35300A503BE /* BookCollectionViewCell.xib in Resources */,
			);
			runOnlyForDeploymentPostprocessing = 0;
		};
		55342F702310B6BC00FA141B /* Resources */ = {
			isa = PBXResourcesBuildPhase;
			buildActionMask = 2147483647;
			files = (
			);
			runOnlyForDeploymentPostprocessing = 0;
		};
		55342F7B2310B6BC00FA141B /* Resources */ = {
			isa = PBXResourcesBuildPhase;
			buildActionMask = 2147483647;
			files = (
			);
			runOnlyForDeploymentPostprocessing = 0;
		};
/* End PBXResourcesBuildPhase section */

/* Begin PBXShellScriptBuildPhase section */
		55191F5D2310D4B4007D1454 /* Carthage Copy */ = {
			isa = PBXShellScriptBuildPhase;
			buildActionMask = 2147483647;
			files = (
			);
			inputFileListPaths = (
				"$(SRCROOT)/Carthage/input.xcfilelist",
			);
			inputPaths = (
			);
			name = "Carthage Copy";
			outputFileListPaths = (
				"$(SRCROOT)/Carthage/output.xcfilelist",
			);
			outputPaths = (
			);
			runOnlyForDeploymentPostprocessing = 0;
			shellPath = /bin/sh;
			shellScript = "# Type a script or drag a script file from your workspace to insert its path.\n/usr/local/bin/carthage copy-frameworks\n";
		};
		55191F5E2310D8A9007D1454 /* Carthage Copy [DEBUG] */ = {
			isa = PBXShellScriptBuildPhase;
			buildActionMask = 2147483647;
			files = (
			);
			inputFileListPaths = (
				"$(SRCROOT)/Carthage/input.debug.xcfilelist",
			);
			inputPaths = (
			);
			name = "Carthage Copy [DEBUG]";
			outputFileListPaths = (
				"$(SRCROOT)/Carthage/output.debug.xcfilelist",
			);
			outputPaths = (
			);
			runOnlyForDeploymentPostprocessing = 0;
			shellPath = /bin/sh;
			shellScript = "# Type a script or drag a script file from your workspace to insert its path.\nif [ \"$CONFIGURATION\" == \"Debug\" ]; then\n/usr/local/bin/carthage copy-frameworks\nfi\n";
		};
		9F423D4A231753BB006B950F /* Swift Lint */ = {
			isa = PBXShellScriptBuildPhase;
			buildActionMask = 2147483647;
			files = (
			);
			inputFileListPaths = (
			);
			inputPaths = (
			);
			name = "Swift Lint";
			outputFileListPaths = (
			);
			outputPaths = (
			);
			runOnlyForDeploymentPostprocessing = 0;
			shellPath = /bin/sh;
			shellScript = "# Type a script or drag a script file from your workspace to insert its path.\nif which swiftlint >/dev/null; then\nswiftlint\nelse\necho \"warning: SwiftLint not installed, download from https://github.com/realm/SwiftLint\"\nfi\n";
		};
		9FD786FA231F7AE600E1C03C /* Swift Format */ = {
			isa = PBXShellScriptBuildPhase;
			buildActionMask = 2147483647;
			files = (
			);
			inputFileListPaths = (
			);
			inputPaths = (
			);
			name = "Swift Format";
			outputFileListPaths = (
			);
			outputPaths = (
			);
			runOnlyForDeploymentPostprocessing = 0;
			shellPath = /bin/sh;
			shellScript = "# Type a script or drag a script file from your workspace to insert its path.\nif which swiftformat >/dev/null; then\nswiftformat iOmic/\nelse\necho \"warning: SwiftFormat not installed, download from https://github.com/nicklockwood/SwiftFormat\"\nfi\n";
		};
/* End PBXShellScriptBuildPhase section */

/* Begin PBXSourcesBuildPhase section */
		55342F5A2310B6BB00FA141B /* Sources */ = {
			isa = PBXSourcesBuildPhase;
			buildActionMask = 2147483647;
			files = (
				9F2F6F6A2331F74D00E5996A /* ChaptersDownloadCoordinator.swift in Sources */,
				9FFB4B79232100A500297C12 /* ChapterCollectionViewCell.swift in Sources */,
				55D05260231FE77B0005A2DD /* FilterTitleCollectionHeader.swift in Sources */,
				559302AA2312CF180021C170 /* ManHuaRen.swift in Sources */,
				55B19F6E231AA09A00CFBB02 /* FiltersViewController.swift in Sources */,
				9F82EA452329DC85003E465E /* BookCollectionHeader.swift in Sources */,
				9FFB4B6E2320D3FE00297C12 /* ChaptersCoordinator.swift in Sources */,
				5584B13223116849000D9309 /* Source.swift in Sources */,
				559302A82312CE750021C170 /* DongManZhiJia.swift in Sources */,
				9F8418FD2317B35300A503BE /* BookCollectionViewCell.swift in Sources */,
				5584B12C23115709000D9309 /* MainCoordinator.swift in Sources */,
				9FA8DEFD23306EF60003E278 /* UIBarButtonItem.swift in Sources */,
				5584B0E42310E6A7000D9309 /* AppCoordinator.swift in Sources */,
				5584B0FE2311089F000D9309 /* BooksCoordinator.swift in Sources */,
				9F955C0623308C820015069E /* UIView.swift in Sources */,
				9FD786FC231F7D5F00E1C03C /* FiltersViewModel.swift in Sources */,
				9FD786FF231FA37B00E1C03C /* FilterCollectionViewCell.swift in Sources */,
				5584B11F23115349000D9309 /* UpDownLoadViewModel.swift in Sources */,
				55CB63B12323C94C001A6E4D /* PagesViewController.swift in Sources */,
				555C1CCE2319582900E388D6 /* ReusableIdentifier.swift in Sources */,
				5584B10C23114E01000D9309 /* BooksViewModel.swift in Sources */,
				9F2F6F6C2333426100E5996A /* WCDB.Database.swift in Sources */,
				9F85FAF82330DF400070E3A0 /* Kingfisher.swift in Sources */,
				9FC348AD232F471D00310987 /* Uploader.swift in Sources */,
				9FD786F9231F7A0900E1C03C /* FiltersCoordiantor.swift in Sources */,
				55191F632310E047007D1454 /* Coordinator.swift in Sources */,
				5584B12A2311540F000D9309 /* SettingCoordinator.swift in Sources */,
				5584B0EF2310EE29000D9309 /* DiscoveryViewController.swift in Sources */,
				5584B12823115405000D9309 /* UpDownLoadCoordinator.swift in Sources */,
				55CB63B62323C980001A6E4D /* PagesCoordinator.swift in Sources */,
				55342F622310B6BB00FA141B /* AppDelegate.swift in Sources */,
				9FA9472823152C960028A60D /* String.swift in Sources */,
				55BEAA9C23124F0600A6A41D /* Page.swift in Sources */,
				55BEAA9A23124EFF00A6A41D /* Chapter.swift in Sources */,
				55BEAA9E23124F1500A6A41D /* Filter.swift in Sources */,
				55BEAA9823124EF700A6A41D /* Book.swift in Sources */,
				9FC348B0232F4FF400310987 /* UploadViewController.swift in Sources */,
				9F2F6F672331F6CF00E5996A /* ChaptersDownloadViewController.swift in Sources */,
				9FD787022320B69000E1C03C /* UIFont.swift in Sources */,
				5584B12123115358000D9309 /* DiscoveryViewModel.swift in Sources */,
				9F27254E2327666900AFC8E6 /* DatabaseManager.swift in Sources */,
				5584B0F32310EE5E000D9309 /* UpDownLoadViewController.swift in Sources */,
				9F272551232790CE00AFC8E6 /* WCDB.Table.swift in Sources */,
				9F955C0823309BBD0015069E /* UILabel.swift in Sources */,
				5584B12F23116213000D9309 /* UIColor.swift in Sources */,
				9FA947262314FBE90028A60D /* Whoops.swift in Sources */,
				9FFB4B712320D42800297C12 /* ChaptersViewController.swift in Sources */,
				5584B11D2311533D000D9309 /* SettingViewModel.swift in Sources */,
				9F82EA482329FFD6003E465E /* ViewModel.swift in Sources */,
				9FC348B5232F508E00310987 /* UploadCoordinator.swift in Sources */,
				9FC348B3232F506900310987 /* UploadViewModel.swift in Sources */,
				9F82EA4B232A3737003E465E /* ErrorViewController.swift in Sources */,
				55E4AC9E233112D6002B42A9 /* Downloader.swift in Sources */,
				9F423D492316834E006B950F /* Date.swift in Sources */,
				9F2F6F642331F66F00E5996A /* ChaptersDownloadViewModel.swift in Sources */,
				9FA947242314F4E80028A60D /* Alamofire.swift in Sources */,
				9FFB4B6C2320D3D100297C12 /* ChaptersViewModel.swift in Sources */,
				5584B0F72310EE85000D9309 /* SettingViewController.swift in Sources */,
				5584B126231153FB000D9309 /* DiscoveryCoordinator.swift in Sources */,
				55CB63B92323DB8E001A6E4D /* PageCollectionViewCell.swift in Sources */,
				5584B0EB2310EC4F000D9309 /* BooksViewController.swift in Sources */,
				55CB63B42323C95F001A6E4D /* PagesViewModel.swift in Sources */,
				55363444232918CD00715628 /* KeyValues.swift in Sources */,
			);
			runOnlyForDeploymentPostprocessing = 0;
		};
		55342F6E2310B6BC00FA141B /* Sources */ = {
			isa = PBXSourcesBuildPhase;
			buildActionMask = 2147483647;
			files = (
				55342F772310B6BC00FA141B /* iOmicTests.swift in Sources */,
			);
			runOnlyForDeploymentPostprocessing = 0;
		};
		55342F792310B6BC00FA141B /* Sources */ = {
			isa = PBXSourcesBuildPhase;
			buildActionMask = 2147483647;
			files = (
				55342F822310B6BC00FA141B /* iOmicUITests.swift in Sources */,
			);
			runOnlyForDeploymentPostprocessing = 0;
		};
/* End PBXSourcesBuildPhase section */

/* Begin PBXTargetDependency section */
		55342F742310B6BC00FA141B /* PBXTargetDependency */ = {
			isa = PBXTargetDependency;
			target = 55342F5D2310B6BB00FA141B /* iOmic */;
			targetProxy = 55342F732310B6BC00FA141B /* PBXContainerItemProxy */;
		};
		55342F7F2310B6BC00FA141B /* PBXTargetDependency */ = {
			isa = PBXTargetDependency;
			target = 55342F5D2310B6BB00FA141B /* iOmic */;
			targetProxy = 55342F7E2310B6BC00FA141B /* PBXContainerItemProxy */;
		};
/* End PBXTargetDependency section */

/* Begin PBXVariantGroup section */
		55342F6A2310B6BC00FA141B /* LaunchScreen.storyboard */ = {
			isa = PBXVariantGroup;
			children = (
				55342F6B2310B6BC00FA141B /* Base */,
			);
			name = LaunchScreen.storyboard;
			sourceTree = "<group>";
		};
/* End PBXVariantGroup section */

/* Begin XCBuildConfiguration section */
		55342F842310B6BC00FA141B /* Debug */ = {
			isa = XCBuildConfiguration;
			buildSettings = {
				ALWAYS_SEARCH_USER_PATHS = NO;
				CLANG_ANALYZER_NONNULL = YES;
				CLANG_ANALYZER_NUMBER_OBJECT_CONVERSION = YES_AGGRESSIVE;
				CLANG_CXX_LANGUAGE_STANDARD = "gnu++14";
				CLANG_CXX_LIBRARY = "libc++";
				CLANG_ENABLE_MODULES = YES;
				CLANG_ENABLE_OBJC_ARC = YES;
				CLANG_ENABLE_OBJC_WEAK = YES;
				CLANG_WARN_BLOCK_CAPTURE_AUTORELEASING = YES;
				CLANG_WARN_BOOL_CONVERSION = YES;
				CLANG_WARN_COMMA = YES;
				CLANG_WARN_CONSTANT_CONVERSION = YES;
				CLANG_WARN_DEPRECATED_OBJC_IMPLEMENTATIONS = YES;
				CLANG_WARN_DIRECT_OBJC_ISA_USAGE = YES_ERROR;
				CLANG_WARN_DOCUMENTATION_COMMENTS = YES;
				CLANG_WARN_EMPTY_BODY = YES;
				CLANG_WARN_ENUM_CONVERSION = YES;
				CLANG_WARN_INFINITE_RECURSION = YES;
				CLANG_WARN_INT_CONVERSION = YES;
				CLANG_WARN_NON_LITERAL_NULL_CONVERSION = YES;
				CLANG_WARN_OBJC_IMPLICIT_RETAIN_SELF = YES;
				CLANG_WARN_OBJC_LITERAL_CONVERSION = YES;
				CLANG_WARN_OBJC_ROOT_CLASS = YES_ERROR;
				CLANG_WARN_RANGE_LOOP_ANALYSIS = YES;
				CLANG_WARN_STRICT_PROTOTYPES = YES;
				CLANG_WARN_SUSPICIOUS_MOVE = YES;
				CLANG_WARN_UNGUARDED_AVAILABILITY = YES_AGGRESSIVE;
				CLANG_WARN_UNREACHABLE_CODE = YES;
				CLANG_WARN__DUPLICATE_METHOD_MATCH = YES;
				CODE_SIGN_IDENTITY = "iPhone Developer";
				COPY_PHASE_STRIP = NO;
				DEBUG_INFORMATION_FORMAT = dwarf;
				ENABLE_STRICT_OBJC_MSGSEND = YES;
				ENABLE_TESTABILITY = YES;
				GCC_C_LANGUAGE_STANDARD = gnu11;
				GCC_DYNAMIC_NO_PIC = NO;
				GCC_NO_COMMON_BLOCKS = YES;
				GCC_OPTIMIZATION_LEVEL = 0;
				GCC_PREPROCESSOR_DEFINITIONS = (
					"DEBUG=1",
					"$(inherited)",
				);
				GCC_WARN_64_TO_32_BIT_CONVERSION = YES;
				GCC_WARN_ABOUT_RETURN_TYPE = YES_ERROR;
				GCC_WARN_UNDECLARED_SELECTOR = YES;
				GCC_WARN_UNINITIALIZED_AUTOS = YES_AGGRESSIVE;
				GCC_WARN_UNUSED_FUNCTION = YES;
				GCC_WARN_UNUSED_VARIABLE = YES;
				IPHONEOS_DEPLOYMENT_TARGET = 12.4;
				MTL_ENABLE_DEBUG_INFO = INCLUDE_SOURCE;
				MTL_FAST_MATH = YES;
				ONLY_ACTIVE_ARCH = YES;
				SDKROOT = iphoneos;
				SWIFT_ACTIVE_COMPILATION_CONDITIONS = DEBUG;
				SWIFT_OPTIMIZATION_LEVEL = "-Onone";
			};
			name = Debug;
		};
		55342F852310B6BC00FA141B /* Release */ = {
			isa = XCBuildConfiguration;
			buildSettings = {
				ALWAYS_SEARCH_USER_PATHS = NO;
				CLANG_ANALYZER_NONNULL = YES;
				CLANG_ANALYZER_NUMBER_OBJECT_CONVERSION = YES_AGGRESSIVE;
				CLANG_CXX_LANGUAGE_STANDARD = "gnu++14";
				CLANG_CXX_LIBRARY = "libc++";
				CLANG_ENABLE_MODULES = YES;
				CLANG_ENABLE_OBJC_ARC = YES;
				CLANG_ENABLE_OBJC_WEAK = YES;
				CLANG_WARN_BLOCK_CAPTURE_AUTORELEASING = YES;
				CLANG_WARN_BOOL_CONVERSION = YES;
				CLANG_WARN_COMMA = YES;
				CLANG_WARN_CONSTANT_CONVERSION = YES;
				CLANG_WARN_DEPRECATED_OBJC_IMPLEMENTATIONS = YES;
				CLANG_WARN_DIRECT_OBJC_ISA_USAGE = YES_ERROR;
				CLANG_WARN_DOCUMENTATION_COMMENTS = YES;
				CLANG_WARN_EMPTY_BODY = YES;
				CLANG_WARN_ENUM_CONVERSION = YES;
				CLANG_WARN_INFINITE_RECURSION = YES;
				CLANG_WARN_INT_CONVERSION = YES;
				CLANG_WARN_NON_LITERAL_NULL_CONVERSION = YES;
				CLANG_WARN_OBJC_IMPLICIT_RETAIN_SELF = YES;
				CLANG_WARN_OBJC_LITERAL_CONVERSION = YES;
				CLANG_WARN_OBJC_ROOT_CLASS = YES_ERROR;
				CLANG_WARN_RANGE_LOOP_ANALYSIS = YES;
				CLANG_WARN_STRICT_PROTOTYPES = YES;
				CLANG_WARN_SUSPICIOUS_MOVE = YES;
				CLANG_WARN_UNGUARDED_AVAILABILITY = YES_AGGRESSIVE;
				CLANG_WARN_UNREACHABLE_CODE = YES;
				CLANG_WARN__DUPLICATE_METHOD_MATCH = YES;
				CODE_SIGN_IDENTITY = "iPhone Developer";
				COPY_PHASE_STRIP = NO;
				DEBUG_INFORMATION_FORMAT = "dwarf-with-dsym";
				ENABLE_NS_ASSERTIONS = NO;
				ENABLE_STRICT_OBJC_MSGSEND = YES;
				GCC_C_LANGUAGE_STANDARD = gnu11;
				GCC_NO_COMMON_BLOCKS = YES;
				GCC_WARN_64_TO_32_BIT_CONVERSION = YES;
				GCC_WARN_ABOUT_RETURN_TYPE = YES_ERROR;
				GCC_WARN_UNDECLARED_SELECTOR = YES;
				GCC_WARN_UNINITIALIZED_AUTOS = YES_AGGRESSIVE;
				GCC_WARN_UNUSED_FUNCTION = YES;
				GCC_WARN_UNUSED_VARIABLE = YES;
				IPHONEOS_DEPLOYMENT_TARGET = 12.4;
				MTL_ENABLE_DEBUG_INFO = NO;
				MTL_FAST_MATH = YES;
				SDKROOT = iphoneos;
				SWIFT_COMPILATION_MODE = wholemodule;
				SWIFT_OPTIMIZATION_LEVEL = "-O";
				VALIDATE_PRODUCT = YES;
			};
			name = Release;
		};
		55342F872310B6BC00FA141B /* Debug */ = {
			isa = XCBuildConfiguration;
			buildSettings = {
				ASSETCATALOG_COMPILER_APPICON_NAME = AppIcon;
				CLANG_ENABLE_MODULES = YES;
				CODE_SIGN_STYLE = Automatic;
				DEVELOPMENT_TEAM = 8ZATFQ33TG;
				FRAMEWORK_SEARCH_PATHS = "$(PROJECT_DIR)/Carthage/Build/iOS";
				HEADER_SEARCH_PATHS = "$(SDKROOT)/usr/include/libxml2";
				INFOPLIST_FILE = iOmic/Info.plist;
				IPHONEOS_DEPLOYMENT_TARGET = 11.0;
				LD_RUNPATH_SEARCH_PATHS = (
					"$(inherited)",
					"@executable_path/Frameworks",
				);
				PRODUCT_BUNDLE_IDENTIFIER = me.mo5tone.iOmic;
				PRODUCT_NAME = "$(TARGET_NAME)";
				SWIFT_OBJC_BRIDGING_HEADER = "iOmic/iOmic-Bridging-Header.h";
				SWIFT_OPTIMIZATION_LEVEL = "-Onone";
				SWIFT_VERSION = 5.0;
				TARGETED_DEVICE_FAMILY = 1;
			};
			name = Debug;
		};
		55342F882310B6BC00FA141B /* Release */ = {
			isa = XCBuildConfiguration;
			buildSettings = {
				ASSETCATALOG_COMPILER_APPICON_NAME = AppIcon;
				CLANG_ENABLE_MODULES = YES;
				CODE_SIGN_STYLE = Automatic;
				DEVELOPMENT_TEAM = 8ZATFQ33TG;
				FRAMEWORK_SEARCH_PATHS = "$(PROJECT_DIR)/Carthage/Build/iOS";
				HEADER_SEARCH_PATHS = "$(SDKROOT)/usr/include/libxml2";
				INFOPLIST_FILE = iOmic/Info.plist;
				IPHONEOS_DEPLOYMENT_TARGET = 11.0;
				LD_RUNPATH_SEARCH_PATHS = (
					"$(inherited)",
					"@executable_path/Frameworks",
				);
				PRODUCT_BUNDLE_IDENTIFIER = me.mo5tone.iOmic;
				PRODUCT_NAME = "$(TARGET_NAME)";
				SWIFT_OBJC_BRIDGING_HEADER = "iOmic/iOmic-Bridging-Header.h";
				SWIFT_VERSION = 5.0;
				TARGETED_DEVICE_FAMILY = 1;
			};
			name = Release;
		};
		55342F8A2310B6BC00FA141B /* Debug */ = {
			isa = XCBuildConfiguration;
			buildSettings = {
				ALWAYS_EMBED_SWIFT_STANDARD_LIBRARIES = YES;
				BUNDLE_LOADER = "$(TEST_HOST)";
				CODE_SIGN_STYLE = Automatic;
				DEVELOPMENT_TEAM = 8ZATFQ33TG;
				INFOPLIST_FILE = iOmicTests/Info.plist;
				LD_RUNPATH_SEARCH_PATHS = (
					"$(inherited)",
					"@executable_path/Frameworks",
					"@loader_path/Frameworks",
				);
				PRODUCT_BUNDLE_IDENTIFIER = me.mo5tone.iOmicTests;
				PRODUCT_NAME = "$(TARGET_NAME)";
				SWIFT_VERSION = 5.0;
				TARGETED_DEVICE_FAMILY = "1,2";
				TEST_HOST = "$(BUILT_PRODUCTS_DIR)/iOmic.app/iOmic";
			};
			name = Debug;
		};
		55342F8B2310B6BC00FA141B /* Release */ = {
			isa = XCBuildConfiguration;
			buildSettings = {
				ALWAYS_EMBED_SWIFT_STANDARD_LIBRARIES = YES;
				BUNDLE_LOADER = "$(TEST_HOST)";
				CODE_SIGN_STYLE = Automatic;
				DEVELOPMENT_TEAM = 8ZATFQ33TG;
				INFOPLIST_FILE = iOmicTests/Info.plist;
				LD_RUNPATH_SEARCH_PATHS = (
					"$(inherited)",
					"@executable_path/Frameworks",
					"@loader_path/Frameworks",
				);
				PRODUCT_BUNDLE_IDENTIFIER = me.mo5tone.iOmicTests;
				PRODUCT_NAME = "$(TARGET_NAME)";
				SWIFT_VERSION = 5.0;
				TARGETED_DEVICE_FAMILY = "1,2";
				TEST_HOST = "$(BUILT_PRODUCTS_DIR)/iOmic.app/iOmic";
			};
			name = Release;
		};
		55342F8D2310B6BC00FA141B /* Debug */ = {
			isa = XCBuildConfiguration;
			buildSettings = {
				ALWAYS_EMBED_SWIFT_STANDARD_LIBRARIES = YES;
				CODE_SIGN_STYLE = Automatic;
				DEVELOPMENT_TEAM = 8ZATFQ33TG;
				INFOPLIST_FILE = iOmicUITests/Info.plist;
				LD_RUNPATH_SEARCH_PATHS = (
					"$(inherited)",
					"@executable_path/Frameworks",
					"@loader_path/Frameworks",
				);
				PRODUCT_BUNDLE_IDENTIFIER = me.mo5tone.iOmicUITests;
				PRODUCT_NAME = "$(TARGET_NAME)";
				SWIFT_VERSION = 5.0;
				TARGETED_DEVICE_FAMILY = "1,2";
				TEST_TARGET_NAME = iOmic;
			};
			name = Debug;
		};
		55342F8E2310B6BC00FA141B /* Release */ = {
			isa = XCBuildConfiguration;
			buildSettings = {
				ALWAYS_EMBED_SWIFT_STANDARD_LIBRARIES = YES;
				CODE_SIGN_STYLE = Automatic;
				DEVELOPMENT_TEAM = 8ZATFQ33TG;
				INFOPLIST_FILE = iOmicUITests/Info.plist;
				LD_RUNPATH_SEARCH_PATHS = (
					"$(inherited)",
					"@executable_path/Frameworks",
					"@loader_path/Frameworks",
				);
				PRODUCT_BUNDLE_IDENTIFIER = me.mo5tone.iOmicUITests;
				PRODUCT_NAME = "$(TARGET_NAME)";
				SWIFT_VERSION = 5.0;
				TARGETED_DEVICE_FAMILY = "1,2";
				TEST_TARGET_NAME = iOmic;
			};
			name = Release;
		};
/* End XCBuildConfiguration section */

/* Begin XCConfigurationList section */
		55342F592310B6BB00FA141B /* Build configuration list for PBXProject "iOmic" */ = {
			isa = XCConfigurationList;
			buildConfigurations = (
				55342F842310B6BC00FA141B /* Debug */,
				55342F852310B6BC00FA141B /* Release */,
			);
			defaultConfigurationIsVisible = 0;
			defaultConfigurationName = Release;
		};
		55342F862310B6BC00FA141B /* Build configuration list for PBXNativeTarget "iOmic" */ = {
			isa = XCConfigurationList;
			buildConfigurations = (
				55342F872310B6BC00FA141B /* Debug */,
				55342F882310B6BC00FA141B /* Release */,
			);
			defaultConfigurationIsVisible = 0;
			defaultConfigurationName = Release;
		};
		55342F892310B6BC00FA141B /* Build configuration list for PBXNativeTarget "iOmicTests" */ = {
			isa = XCConfigurationList;
			buildConfigurations = (
				55342F8A2310B6BC00FA141B /* Debug */,
				55342F8B2310B6BC00FA141B /* Release */,
			);
			defaultConfigurationIsVisible = 0;
			defaultConfigurationName = Release;
		};
		55342F8C2310B6BC00FA141B /* Build configuration list for PBXNativeTarget "iOmicUITests" */ = {
			isa = XCConfigurationList;
			buildConfigurations = (
				55342F8D2310B6BC00FA141B /* Debug */,
				55342F8E2310B6BC00FA141B /* Release */,
			);
			defaultConfigurationIsVisible = 0;
			defaultConfigurationName = Release;
		};
/* End XCConfigurationList section */
	};
	rootObject = 55342F562310B6BB00FA141B /* Project object */;
}
